Microsoft Visual Studio Solution File, Format Version 12.00
# Visual Studio 2012
Project("{FAE04EC0-301F-11D3-BF4B-00C04F79EFBC}") = "proj", "proj.csproj", "{4C674725-714E-49A7-B3AF-A4652CE7DD3A}"
EndProject
Global
	GlobalSection(SolutionConfigurationPlatforms) = preSolution
	Debug|Any CPU = Debug|Any CPU
	ExportDebug|Any CPU = ExportDebug|Any CPU
	ExportRelease|Any CPU = ExportRelease|Any CPU
	EndGlobalSection
	GlobalSection(ProjectConfigurationPlatforms) = postSolution
		{4C674725-714E-49A7-B3AF-A4652CE7DD3A}.Debug|Any CPU.ActiveCfg = Debug|Any CPU
		{4C674725-714E-49A7-B3AF-A4652CE7DD3A}.Debug|Any CPU.Build.0 = Debug|Any CPU
		{4C674725-714E-49A7-B3AF-A4652CE7DD3A}.ExportDebug|Any CPU.ActiveCfg = ExportDebug|Any CPU
		{4C674725-714E-49A7-B3AF-A4652CE7DD3A}.ExportDebug|Any CPU.Build.0 = ExportDebug|Any CPU
		{4C674725-714E-49A7-B3AF-A4652CE7DD3A}.ExportRelease|Any CPU.ActiveCfg = ExportRelease|Any CPU
		{4C674725-714E-49A7-B3AF-A4652CE7DD3A}.ExportRelease|Any CPU.Build.0 = ExportRelease|Any CPU
	EndGlobalSection
EndGlobal
