Microsoft Visual Studio Solution File, Format Version 12.00
# Visual Studio 2012
Project("{FAE04EC0-301F-11D3-BF4B-00C04F79EFBC}") = "technicality", "technicality.csproj", "{C973354C-AA51-437C-9B7E-3326B13FA340}"
EndProject
Global
	GlobalSection(SolutionConfigurationPlatforms) = preSolution
	Debug|Any CPU = Debug|Any CPU
	ExportDebug|Any CPU = ExportDebug|Any CPU
	ExportRelease|Any CPU = ExportRelease|Any CPU
	EndGlobalSection
	GlobalSection(ProjectConfigurationPlatforms) = postSolution
		{C973354C-AA51-437C-9B7E-3326B13FA340}.Debug|Any CPU.ActiveCfg = Debug|Any CPU
		{C973354C-AA51-437C-9B7E-3326B13FA340}.Debug|Any CPU.Build.0 = Debug|Any CPU
		{C973354C-AA51-437C-9B7E-3326B13FA340}.ExportDebug|Any CPU.ActiveCfg = ExportDebug|Any CPU
		{C973354C-AA51-437C-9B7E-3326B13FA340}.ExportDebug|Any CPU.Build.0 = ExportDebug|Any CPU
		{C973354C-AA51-437C-9B7E-3326B13FA340}.ExportRelease|Any CPU.ActiveCfg = ExportRelease|Any CPU
		{C973354C-AA51-437C-9B7E-3326B13FA340}.ExportRelease|Any CPU.Build.0 = ExportRelease|Any CPU
	EndGlobalSection
EndGlobal
